
Microsoft Visual Studio Solution File, Format Version 12.00
# Visual Studio Version 16
VisualStudioVersion = 16.0.29001.49
MinimumVisualStudioVersion = 10.0.40219.1
Project("{FAE04EC0-301F-11D3-BF4B-00C04F79EFBC}") = "maths", "maths\maths.csproj", "{CEB288F8-5701-4B73-95EA-EEDD92294181}"
EndProject
Global
	GlobalSection(SolutionConfigurationPlatforms) = preSolution
		Debug|Any CPU = Debug|Any CPU
		Release|Any CPU = Release|Any CPU
	EndGlobalSection
	GlobalSection(ProjectConfigurationPlatforms) = postSolution
		{CEB288F8-5701-4B73-95EA-EEDD92294181}.Debug|Any CPU.ActiveCfg = Debug|Any CPU
		{CEB288F8-5701-4B73-95EA-EEDD92294181}.Debug|Any CPU.Build.0 = Debug|Any CPU
		{CEB288F8-5701-4B73-95EA-EEDD92294181}.Release|Any CPU.ActiveCfg = Release|Any CPU
		{CEB288F8-5701-4B73-95EA-EEDD92294181}.Release|Any CPU.Build.0 = Release|Any CPU
	EndGlobalSection
	GlobalSection(SolutionProperties) = preSolution
		HideSolutionNode = FALSE
	EndGlobalSection
	GlobalSection(ExtensibilityGlobals) = postSolution
		SolutionGuid = {3F36DFAC-4B41-4AE5-8F84-AEDA4BAE25C5}
	EndGlobalSection
EndGlobal
